
Microsoft Visual Studio Solution File, Format Version 12.00
# Visual Studio Version 17
VisualStudioVersion = 17.4.33205.214
MinimumVisualStudioVersion = 10.0.40219.1
Project("{9A19103F-16F7-4668-BE54-9A1E7A4F7556}") = "WebApplication1", "WebApplication1\WebApplication1.csproj", "{087994F8-282A-4F14-9CC6-9C271AA97394}"
EndProject
Global
	GlobalSection(SolutionConfigurationPlatforms) = preSolution
		Debug|Any CPU = Debug|Any CPU
		Release|Any CPU = Release|Any CPU
	EndGlobalSection
	GlobalSection(ProjectConfigurationPlatforms) = postSolution
		{087994F8-282A-4F14-9CC6-9C271AA97394}.Debug|Any CPU.ActiveCfg = Debug|Any CPU
		{087994F8-282A-4F14-9CC6-9C271AA97394}.Debug|Any CPU.Build.0 = Debug|Any CPU
		{087994F8-282A-4F14-9CC6-9C271AA97394}.Release|Any CPU.ActiveCfg = Release|Any CPU
		{087994F8-282A-4F14-9CC6-9C271AA97394}.Release|Any CPU.Build.0 = Release|Any CPU
	EndGlobalSection
	GlobalSection(SolutionProperties) = preSolution
		HideSolutionNode = FALSE
	EndGlobalSection
	GlobalSection(ExtensibilityGlobals) = postSolution
		SolutionGuid = {D2700467-68DE-4D37-AB31-E4EF5E421258}
	EndGlobalSection
EndGlobal
